
Microsoft Visual Studio Solution File, Format Version 12.00
# Visual Studio 15
VisualStudioVersion = 15.0.26124.0
MinimumVisualStudioVersion = 15.0.26124.0
Project("{FAE04EC0-301F-11D3-BF4B-00C04F79EFBC}") = "API", "API\API.csproj", "{7A947D73-3F67-4D73-8E94-C3CC6AC17C46}"
EndProject
Project("{FAE04EC0-301F-11D3-BF4B-00C04F79EFBC}") = "Core", "Core\Core.csproj", "{0B0027C5-5259-4C39-8773-EFBC9E4514ED}"
EndProject
Project("{FAE04EC0-301F-11D3-BF4B-00C04F79EFBC}") = "Infrastructure", "Infrastructure\Infrastructure.csproj", "{912E1D05-31E6-483B-A773-9B90FEBDAF3C}"
EndProject
Global
	GlobalSection(SolutionConfigurationPlatforms) = preSolution
		Debug|Any CPU = Debug|Any CPU
		Debug|x64 = Debug|x64
		Debug|x86 = Debug|x86
		Release|Any CPU = Release|Any CPU
		Release|x64 = Release|x64
		Release|x86 = Release|x86
	EndGlobalSection
	GlobalSection(SolutionProperties) = preSolution
		HideSolutionNode = FALSE
	EndGlobalSection
	GlobalSection(ProjectConfigurationPlatforms) = postSolution
		{7A947D73-3F67-4D73-8E94-C3CC6AC17C46}.Debug|Any CPU.ActiveCfg = Debug|Any CPU
		{7A947D73-3F67-4D73-8E94-C3CC6AC17C46}.Debug|Any CPU.Build.0 = Debug|Any CPU
		{7A947D73-3F67-4D73-8E94-C3CC6AC17C46}.Debug|x64.ActiveCfg = Debug|Any CPU
		{7A947D73-3F67-4D73-8E94-C3CC6AC17C46}.Debug|x64.Build.0 = Debug|Any CPU
		{7A947D73-3F67-4D73-8E94-C3CC6AC17C46}.Debug|x86.ActiveCfg = Debug|Any CPU
		{7A947D73-3F67-4D73-8E94-C3CC6AC17C46}.Debug|x86.Build.0 = Debug|Any CPU
		{7A947D73-3F67-4D73-8E94-C3CC6AC17C46}.Release|Any CPU.ActiveCfg = Release|Any CPU
		{7A947D73-3F67-4D73-8E94-C3CC6AC17C46}.Release|Any CPU.Build.0 = Release|Any CPU
		{7A947D73-3F67-4D73-8E94-C3CC6AC17C46}.Release|x64.ActiveCfg = Release|Any CPU
		{7A947D73-3F67-4D73-8E94-C3CC6AC17C46}.Release|x64.Build.0 = Release|Any CPU
		{7A947D73-3F67-4D73-8E94-C3CC6AC17C46}.Release|x86.ActiveCfg = Release|Any CPU
		{7A947D73-3F67-4D73-8E94-C3CC6AC17C46}.Release|x86.Build.0 = Release|Any CPU
		{0B0027C5-5259-4C39-8773-EFBC9E4514ED}.Debug|Any CPU.ActiveCfg = Debug|Any CPU
		{0B0027C5-5259-4C39-8773-EFBC9E4514ED}.Debug|Any CPU.Build.0 = Debug|Any CPU
		{0B0027C5-5259-4C39-8773-EFBC9E4514ED}.Debug|x64.ActiveCfg = Debug|Any CPU
		{0B0027C5-5259-4C39-8773-EFBC9E4514ED}.Debug|x64.Build.0 = Debug|Any CPU
		{0B0027C5-5259-4C39-8773-EFBC9E4514ED}.Debug|x86.ActiveCfg = Debug|Any CPU
		{0B0027C5-5259-4C39-8773-EFBC9E4514ED}.Debug|x86.Build.0 = Debug|Any CPU
		{0B0027C5-5259-4C39-8773-EFBC9E4514ED}.Release|Any CPU.ActiveCfg = Release|Any CPU
		{0B0027C5-5259-4C39-8773-EFBC9E4514ED}.Release|Any CPU.Build.0 = Release|Any CPU
		{0B0027C5-5259-4C39-8773-EFBC9E4514ED}.Release|x64.ActiveCfg = Release|Any CPU
		{0B0027C5-5259-4C39-8773-EFBC9E4514ED}.Release|x64.Build.0 = Release|Any CPU
		{0B0027C5-5259-4C39-8773-EFBC9E4514ED}.Release|x86.ActiveCfg = Release|Any CPU
		{0B0027C5-5259-4C39-8773-EFBC9E4514ED}.Release|x86.Build.0 = Release|Any CPU
		{912E1D05-31E6-483B-A773-9B90FEBDAF3C}.Debug|Any CPU.ActiveCfg = Debug|Any CPU
		{912E1D05-31E6-483B-A773-9B90FEBDAF3C}.Debug|Any CPU.Build.0 = Debug|Any CPU
		{912E1D05-31E6-483B-A773-9B90FEBDAF3C}.Debug|x64.ActiveCfg = Debug|Any CPU
		{912E1D05-31E6-483B-A773-9B90FEBDAF3C}.Debug|x64.Build.0 = Debug|Any CPU
		{912E1D05-31E6-483B-A773-9B90FEBDAF3C}.Debug|x86.ActiveCfg = Debug|Any CPU
		{912E1D05-31E6-483B-A773-9B90FEBDAF3C}.Debug|x86.Build.0 = Debug|Any CPU
		{912E1D05-31E6-483B-A773-9B90FEBDAF3C}.Release|Any CPU.ActiveCfg = Release|Any CPU
		{912E1D05-31E6-483B-A773-9B90FEBDAF3C}.Release|Any CPU.Build.0 = Release|Any CPU
		{912E1D05-31E6-483B-A773-9B90FEBDAF3C}.Release|x64.ActiveCfg = Release|Any CPU
		{912E1D05-31E6-483B-A773-9B90FEBDAF3C}.Release|x64.Build.0 = Release|Any CPU
		{912E1D05-31E6-483B-A773-9B90FEBDAF3C}.Release|x86.ActiveCfg = Release|Any CPU
		{912E1D05-31E6-483B-A773-9B90FEBDAF3C}.Release|x86.Build.0 = Release|Any CPU
	EndGlobalSection
EndGlobal
